
Microsoft Visual Studio Solution File, Format Version 12.00
# Visual Studio 14
VisualStudioVersion = 14.0.25420.1
MinimumVisualStudioVersion = 10.0.40219.1
Project("{FAE04EC0-301F-11D3-BF4B-00C04F79EFBC}") = "MedlinePlusAutomation", "MedlinePlusAutomation\MedlinePlusAutomation.csproj", "{1B55563F-F86C-4853-B7E8-3392F7B7E9BE}"
EndProject
Project("{FAE04EC0-301F-11D3-BF4B-00C04F79EFBC}") = "MedlinePlusTests", "MedlinePlusTests\MedlinePlusTests.csproj", "{878FB146-0BB2-4C99-8C9C-1882EE40EE23}"
EndProject
Global
	GlobalSection(SolutionConfigurationPlatforms) = preSolution
		Debug|Any CPU = Debug|Any CPU
		Release|Any CPU = Release|Any CPU
	EndGlobalSection
	GlobalSection(ProjectConfigurationPlatforms) = postSolution
		{1B55563F-F86C-4853-B7E8-3392F7B7E9BE}.Debug|Any CPU.ActiveCfg = Debug|Any CPU
		{1B55563F-F86C-4853-B7E8-3392F7B7E9BE}.Debug|Any CPU.Build.0 = Debug|Any CPU
		{1B55563F-F86C-4853-B7E8-3392F7B7E9BE}.Release|Any CPU.ActiveCfg = Release|Any CPU
		{1B55563F-F86C-4853-B7E8-3392F7B7E9BE}.Release|Any CPU.Build.0 = Release|Any CPU
		{878FB146-0BB2-4C99-8C9C-1882EE40EE23}.Debug|Any CPU.ActiveCfg = Debug|Any CPU
		{878FB146-0BB2-4C99-8C9C-1882EE40EE23}.Debug|Any CPU.Build.0 = Debug|Any CPU
		{878FB146-0BB2-4C99-8C9C-1882EE40EE23}.Release|Any CPU.ActiveCfg = Release|Any CPU
		{878FB146-0BB2-4C99-8C9C-1882EE40EE23}.Release|Any CPU.Build.0 = Release|Any CPU
	EndGlobalSection
	GlobalSection(SolutionProperties) = preSolution
		HideSolutionNode = FALSE
	EndGlobalSection
EndGlobal
